// !$*UTF8*$!
{
	archiveVersion = 1;
	classes = {
	};
	objectVersion = 50;
	objects = {

/* Begin PBXBuildFile section */
		72D0FA05251A911600BCF00B /* AppDelegate.swift in Sources */ = {isa = PBXBuildFile; fileRef = 72D0FA04251A911600BCF00B /* AppDelegate.swift */; };
		72D0FA07251A911600BCF00B /* SceneDelegate.swift in Sources */ = {isa = PBXBuildFile; fileRef = 72D0FA06251A911600BCF00B /* SceneDelegate.swift */; };
		72D0FA09251A911600BCF00B /* ContentView.swift in Sources */ = {isa = PBXBuildFile; fileRef = 72D0FA08251A911600BCF00B /* ContentView.swift */; };
		72D0FA0B251A911800BCF00B /* Assets.xcassets in Resources */ = {isa = PBXBuildFile; fileRef = 72D0FA0A251A911800BCF00B /* Assets.xcassets */; };
		72D0FA0E251A911800BCF00B /* Preview Assets.xcassets in Resources */ = {isa = PBXBuildFile; fileRef = 72D0FA0D251A911800BCF00B /* Preview Assets.xcassets */; };
		72D0FA11251A911800BCF00B /* LaunchScreen.storyboard in Resources */ = {isa = PBXBuildFile; fileRef = 72D0FA0F251A911800BCF00B /* LaunchScreen.storyboard */; };
/* End PBXBuildFile section */

/* Begin PBXFileReference section */
		72D0FA01251A911600BCF00B /* Cocoaheads2.app */ = {isa = PBXFileReference; explicitFileType = wrapper.application; includeInIndex = 0; path = Cocoaheads2.app; sourceTree = BUILT_PRODUCTS_DIR; };
		72D0FA04251A911600BCF00B /* AppDelegate.swift */ = {isa = PBXFileReference; lastKnownFileType = sourcecode.swift; path = AppDelegate.swift; sourceTree = "<group>"; };
		72D0FA06251A911600BCF00B /* SceneDelegate.swift */ = {isa = PBXFileReference; lastKnownFileType = sourcecode.swift; path = SceneDelegate.swift; sourceTree = "<group>"; };
		72D0FA08251A911600BCF00B /* ContentView.swift */ = {isa = PBXFileReference; lastKnownFileType = sourcecode.swift; path = ContentView.swift; sourceTree = "<group>"; };
		72D0FA0A251A911800BCF00B /* Assets.xcassets */ = {isa = PBXFileReference; lastKnownFileType = folder.assetcatalog; path = Assets.xcassets; sourceTree = "<group>"; };
		72D0FA0D251A911800BCF00B /* Preview Assets.xcassets */ = {isa = PBXFileReference; lastKnownFileType = folder.assetcatalog; path = "Preview Assets.xcassets"; sourceTree = "<group>"; };
		72D0FA10251A911800BCF00B /* Base */ = {isa = PBXFileReference; lastKnownFileType = file.storyboard; name = Base; path = Base.lproj/LaunchScreen.storyboard; sourceTree = "<group>"; };
		72D0FA12251A911800BCF00B /* Info.plist */ = {isa = PBXFileReference; lastKnownFileType = text.plist.xml; path = Info.plist; sourceTree = "<group>"; };
/* End PBXFileReference section */

/* Begin PBXFrameworksBuildPhase section */
		72D0F9FE251A911600BCF00B /* Frameworks */ = {
			isa = PBXFrameworksBuildPhase;
			buildActionMask = 2147483647;
			files = (
			);
			runOnlyForDeploymentPostprocessing = 0;
		};
/* End PBXFrameworksBuildPhase section */

/* Begin PBXGroup section */
		72D0F9F8251A911600BCF00B = {
			isa = PBXGroup;
			children = (
				72D0FA03251A911600BCF00B /* Cocoaheads2 */,
				72D0FA02251A911600BCF00B /* Products */,
			);
			sourceTree = "<group>";
		};
		72D0FA02251A911600BCF00B /* Products */ = {
			isa = PBXGroup;
			children = (
				72D0FA01251A911600BCF00B /* Cocoaheads2.app */,
			);
			name = Products;
			sourceTree = "<group>";
		};
		72D0FA03251A911600BCF00B /* Cocoaheads2 */ = {
			isa = PBXGroup;
			children = (
				72D0FA04251A911600BCF00B /* AppDelegate.swift */,
				72D0FA06251A911600BCF00B /* SceneDelegate.swift */,
				72D0FA08251A911600BCF00B /* ContentView.swift */,
				72D0FA0A251A911800BCF00B /* Assets.xcassets */,
				72D0FA0F251A911800BCF00B /* LaunchScreen.storyboard */,
				72D0FA12251A911800BCF00B /* Info.plist */,
				72D0FA0C251A911800BCF00B /* Preview Content */,
			);
			path = Cocoaheads2;
			sourceTree = "<group>";
		};
		72D0FA0C251A911800BCF00B /* Preview Content */ = {
			isa = PBXGroup;
			children = (
				72D0FA0D251A911800BCF00B /* Preview Assets.xcassets */,
			);
			path = "Preview Content";
			sourceTree = "<group>";
		};
/* End PBXGroup section */

/* Begin PBXNativeTarget section */
		72D0FA00251A911600BCF00B /* Cocoaheads2 */ = {
			isa = PBXNativeTarget;
			buildConfigurationList = 72D0FA15251A911800BCF00B /* Build configuration list for PBXNativeTarget "Cocoaheads2" */;
			buildPhases = (
				72D0F9FD251A911600BCF00B /* Sources */,
				72D0F9FE251A911600BCF00B /* Frameworks */,
				72D0F9FF251A911600BCF00B /* Resources */,
			);
			buildRules = (
			);
			dependencies = (
			);
			name = Cocoaheads2;
			productName = Cocoaheads2;
			productReference = 72D0FA01251A911600BCF00B /* Cocoaheads2.app */;
			productType = "com.apple.product-type.application";
		};
/* End PBXNativeTarget section */

/* Begin PBXProject section */
		72D0F9F9251A911600BCF00B /* Project object */ = {
			isa = PBXProject;
			attributes = {
				LastSwiftUpdateCheck = 1200;
				LastUpgradeCheck = 1200;
				TargetAttributes = {
					72D0FA00251A911600BCF00B = {
						CreatedOnToolsVersion = 12.0;
					};
				};
			};
			buildConfigurationList = 72D0F9FC251A911600BCF00B /* Build configuration list for PBXProject "Cocoaheads2" */;
			compatibilityVersion = "Xcode 9.3";
			developmentRegion = en;
			hasScannedForEncodings = 0;
			knownRegions = (
				en,
				Base,
			);
			mainGroup = 72D0F9F8251A911600BCF00B;
			productRefGroup = 72D0FA02251A911600BCF00B /* Products */;
			projectDirPath = "";
			projectRoot = "";
			targets = (
				72D0FA00251A911600BCF00B /* Cocoaheads2 */,
			);
		};
/* End PBXProject section */

/* Begin PBXResourcesBuildPhase section */
		72D0F9FF251A911600BCF00B /* Resources */ = {
			isa = PBXResourcesBuildPhase;
			buildActionMask = 2147483647;
			files = (
				72D0FA11251A911800BCF00B /* LaunchScreen.storyboard in Resources */,
				72D0FA0E251A911800BCF00B /* Preview Assets.xcassets in Resources */,
				72D0FA0B251A911800BCF00B /* Assets.xcassets in Resources */,
			);
			runOnlyForDeploymentPostprocessing = 0;
		};
/* End PBXResourcesBuildPhase section */

/* Begin PBXSourcesBuildPhase section */
		72D0F9FD251A911600BCF00B /* Sources */ = {
			isa = PBXSourcesBuildPhase;
			buildActionMask = 2147483647;
			files = (
				72D0FA05251A911600BCF00B /* AppDelegate.swift in Sources */,
				72D0FA07251A911600BCF00B /* SceneDelegate.swift in Sources */,
				72D0FA09251A911600BCF00B /* ContentView.swift in Sources */,
			);
			runOnlyForDeploymentPostprocessing = 0;
		};
/* End PBXSourcesBuildPhase section */

/* Begin PBXVariantGroup section */
		72D0FA0F251A911800BCF00B /* LaunchScreen.storyboard */ = {
			isa = PBXVariantGroup;
			children = (
				72D0FA10251A911800BCF00B /* Base */,
			);
			name = LaunchScreen.storyboard;
			sourceTree = "<group>";
		};
/* End PBXVariantGroup section */

/* Begin XCBuildConfiguration section */
		72D0FA13251A911800BCF00B /* Debug */ = {
			isa = XCBuildConfiguration;
			buildSettings = {
				ALWAYS_SEARCH_USER_PATHS = NO;
				CLANG_ANALYZER_NONNULL = YES;
				CLANG_ANALYZER_NUMBER_OBJECT_CONVERSION = YES_AGGRESSIVE;
				CLANG_CXX_LANGUAGE_STANDARD = "gnu++14";
				CLANG_CXX_LIBRARY = "libc++";
				CLANG_ENABLE_MODULES = YES;
				CLANG_ENABLE_OBJC_ARC = YES;
				CLANG_ENABLE_OBJC_WEAK = YES;
				CLANG_WARN_BLOCK_CAPTURE_AUTORELEASING = YES;
				CLANG_WARN_BOOL_CONVERSION = YES;
				CLANG_WARN_COMMA = YES;
				CLANG_WARN_CONSTANT_CONVERSION = YES;
				CLANG_WARN_DEPRECATED_OBJC_IMPLEMENTATIONS = YES;
				CLANG_WARN_DIRECT_OBJC_ISA_USAGE = YES_ERROR;
				CLANG_WARN_DOCUMENTATION_COMMENTS = YES;
				CLANG_WARN_EMPTY_BODY = YES;
				CLANG_WARN_ENUM_CONVERSION = YES;
				CLANG_WARN_INFINITE_RECURSION = YES;
				CLANG_WARN_INT_CONVERSION = YES;
				CLANG_WARN_NON_LITERAL_NULL_CONVERSION = YES;
				CLANG_WARN_OBJC_IMPLICIT_RETAIN_SELF = YES;
				CLANG_WARN_OBJC_LITERAL_CONVERSION = YES;
				CLANG_WARN_OBJC_ROOT_CLASS = YES_ERROR;
				CLANG_WARN_QUOTED_INCLUDE_IN_FRAMEWORK_HEADER = YES;
				CLANG_WARN_RANGE_LOOP_ANALYSIS = YES;
				CLANG_WARN_STRICT_PROTOTYPES = YES;
				CLANG_WARN_SUSPICIOUS_MOVE = YES;
				CLANG_WARN_UNGUARDED_AVAILABILITY = YES_AGGRESSIVE;
				CLANG_WARN_UNREACHABLE_CODE = YES;
				CLANG_WARN__DUPLICATE_METHOD_MATCH = YES;
				COPY_PHASE_STRIP = NO;
				DEBUG_INFORMATION_FORMAT = dwarf;
				ENABLE_STRICT_OBJC_MSGSEND = YES;
				ENABLE_TESTABILITY = YES;
				GCC_C_LANGUAGE_STANDARD = gnu11;
				GCC_DYNAMIC_NO_PIC = NO;
				GCC_NO_COMMON_BLOCKS = YES;
				GCC_OPTIMIZATION_LEVEL = 0;
				GCC_PREPROCESSOR_DEFINITIONS = (
					"DEBUG=1",
					"$(inherited)",
				);
				GCC_WARN_64_TO_32_BIT_CONVERSION = YES;
				GCC_WARN_ABOUT_RETURN_TYPE = YES_ERROR;
				GCC_WARN_UNDECLARED_SELECTOR = YES;
				GCC_WARN_UNINITIALIZED_AUTOS = YES_AGGRESSIVE;
				GCC_WARN_UNUSED_FUNCTION = YES;
				GCC_WARN_UNUSED_VARIABLE = YES;
				IPHONEOS_DEPLOYMENT_TARGET = 14.0;
				MTL_ENABLE_DEBUG_INFO = INCLUDE_SOURCE;
				MTL_FAST_MATH = YES;
				ONLY_ACTIVE_ARCH = YES;
				SDKROOT = iphoneos;
				SWIFT_ACTIVE_COMPILATION_CONDITIONS = DEBUG;
				SWIFT_OPTIMIZATION_LEVEL = "-Onone";
			};
			name = Debug;
		};
		72D0FA14251A911800BCF00B /* Release */ = {
			isa = XCBuildConfiguration;
			buildSettings = {
				ALWAYS_SEARCH_USER_PATHS = NO;
				CLANG_ANALYZER_NONNULL = YES;
				CLANG_ANALYZER_NUMBER_OBJECT_CONVERSION = YES_AGGRESSIVE;
				CLANG_CXX_LANGUAGE_STANDARD = "gnu++14";
				CLANG_CXX_LIBRARY = "libc++";
				CLANG_ENABLE_MODULES = YES;
				CLANG_ENABLE_OBJC_ARC = YES;
				CLANG_ENABLE_OBJC_WEAK = YES;
				CLANG_WARN_BLOCK_CAPTURE_AUTORELEASING = YES;
				CLANG_WARN_BOOL_CONVERSION = YES;
				CLANG_WARN_COMMA = YES;
				CLANG_WARN_CONSTANT_CONVERSION = YES;
				CLANG_WARN_DEPRECATED_OBJC_IMPLEMENTATIONS = YES;
				CLANG_WARN_DIRECT_OBJC_ISA_USAGE = YES_ERROR;
				CLANG_WARN_DOCUMENTATION_COMMENTS = YES;
				CLANG_WARN_EMPTY_BODY = YES;
				CLANG_WARN_ENUM_CONVERSION = YES;
				CLANG_WARN_INFINITE_RECURSION = YES;
				CLANG_WARN_INT_CONVERSION = YES;
				CLANG_WARN_NON_LITERAL_NULL_CONVERSION = YES;
				CLANG_WARN_OBJC_IMPLICIT_RETAIN_SELF = YES;
				CLANG_WARN_OBJC_LITERAL_CONVERSION = YES;
				CLANG_WARN_OBJC_ROOT_CLASS = YES_ERROR;
				CLANG_WARN_QUOTED_INCLUDE_IN_FRAMEWORK_HEADER = YES;
				CLANG_WARN_RANGE_LOOP_ANALYSIS = YES;
				CLANG_WARN_STRICT_PROTOTYPES = YES;
				CLANG_WARN_SUSPICIOUS_MOVE = YES;
				CLANG_WARN_UNGUARDED_AVAILABILITY = YES_AGGRESSIVE;
				CLANG_WARN_UNREACHABLE_CODE = YES;
				CLANG_WARN__DUPLICATE_METHOD_MATCH = YES;
				COPY_PHASE_STRIP = NO;
				DEBUG_INFORMATION_FORMAT = "dwarf-with-dsym";
				ENABLE_NS_ASSERTIONS = NO;
				ENABLE_STRICT_OBJC_MSGSEND = YES;
				GCC_C_LANGUAGE_STANDARD = gnu11;
				GCC_NO_COMMON_BLOCKS = YES;
				GCC_WARN_64_TO_32_BIT_CONVERSION = YES;
				GCC_WARN_ABOUT_RETURN_TYPE = YES_ERROR;
				GCC_WARN_UNDECLARED_SELECTOR = YES;
				GCC_WARN_UNINITIALIZED_AUTOS = YES_AGGRESSIVE;
				GCC_WARN_UNUSED_FUNCTION = YES;
				GCC_WARN_UNUSED_VARIABLE = YES;
				IPHONEOS_DEPLOYMENT_TARGET = 14.0;
				MTL_ENABLE_DEBUG_INFO = NO;
				MTL_FAST_MATH = YES;
				SDKROOT = iphoneos;
				SWIFT_COMPILATION_MODE = wholemodule;
				SWIFT_OPTIMIZATION_LEVEL = "-O";
				VALIDATE_PRODUCT = YES;
			};
			name = Release;
		};
		72D0FA16251A911800BCF00B /* Debug */ = {
			isa = XCBuildConfiguration;
			buildSettings = {
				ASSETCATALOG_COMPILER_APPICON_NAME = AppIcon;
				ASSETCATALOG_COMPILER_GLOBAL_ACCENT_COLOR_NAME = AccentColor;
				CODE_SIGN_STYLE = Automatic;
				DEVELOPMENT_ASSET_PATHS = "\"Cocoaheads2/Preview Content\"";
				DEVELOPMENT_TEAM = D5PCJAP39R;
				ENABLE_PREVIEWS = YES;
				INFOPLIST_FILE = Cocoaheads2/Info.plist;
				LD_RUNPATH_SEARCH_PATHS = (
					"$(inherited)",
					"@executable_path/Frameworks",
				);
				PRODUCT_BUNDLE_IDENTIFIER = de.tapwork.Cocoaheads2;
				PRODUCT_NAME = "$(TARGET_NAME)";
				SWIFT_VERSION = 5.0;
				TARGETED_DEVICE_FAMILY = "1,2";
			};
			name = Debug;
		};
		72D0FA17251A911800BCF00B /* Release */ = {
			isa = XCBuildConfiguration;
			buildSettings = {
				ASSETCATALOG_COMPILER_APPICON_NAME = AppIcon;
				ASSETCATALOG_COMPILER_GLOBAL_ACCENT_COLOR_NAME = AccentColor;
				CODE_SIGN_STYLE = Automatic;
				DEVELOPMENT_ASSET_PATHS = "\"Cocoaheads2/Preview Content\"";
				DEVELOPMENT_TEAM = D5PCJAP39R;
				ENABLE_PREVIEWS = YES;
				INFOPLIST_FILE = Cocoaheads2/Info.plist;
				LD_RUNPATH_SEARCH_PATHS = (
					"$(inherited)",
					"@executable_path/Frameworks",
				);
				PRODUCT_BUNDLE_IDENTIFIER = de.tapwork.Cocoaheads2;
				PRODUCT_NAME = "$(TARGET_NAME)";
				SWIFT_VERSION = 5.0;
				TARGETED_DEVICE_FAMILY = "1,2";
			};
			name = Release;
		};
/* End XCBuildConfiguration section */

/* Begin XCConfigurationList section */
		72D0F9FC251A911600BCF00B /* Build configuration list for PBXProject "Cocoaheads2" */ = {
			isa = XCConfigurationList;
			buildConfigurations = (
				72D0FA13251A911800BCF00B /* Debug */,
				72D0FA14251A911800BCF00B /* Release */,
			);
			defaultConfigurationIsVisible = 0;
			defaultConfigurationName = Release;
		};
		72D0FA15251A911800BCF00B /* Build configuration list for PBXNativeTarget "Cocoaheads2" */ = {
			isa = XCConfigurationList;
			buildConfigurations = (
				72D0FA16251A911800BCF00B /* Debug */,
				72D0FA17251A911800BCF00B /* Release */,
			);
			defaultConfigurationIsVisible = 0;
			defaultConfigurationName = Release;
		};
/* End XCConfigurationList section */
	};
	rootObject = 72D0F9F9251A911600BCF00B /* Project object */;
}
